Microsoft Visual Studio Solution File, Format Version 12.00
# Visual Studio Version 17
VisualStudioVersion = 17.13.35931.197
MinimumVisualStudioVersion = 10.0.40219.1
Project("{FAE04EC0-301F-11D3-BF4B-00C04F79EFBC}") = "StockManager", "StockManager\StockManager.csproj", "{3A3081AA-8EE3-4978-8782-25F5C2196295}"
EndProject
Global
	GlobalSection(SolutionConfigurationPlatforms) = preSolution
		Debug|Any CPU = Debug|Any CPU
		Release|Any CPU = Release|Any CPU
	EndGlobalSection
	GlobalSection(ProjectConfigurationPlatforms) = postSolution
		{3A3081AA-8EE3-4978-8782-25F5C2196295}.Debug|Any CPU.ActiveCfg = Debug|Any CPU
		{3A3081AA-8EE3-4978-8782-25F5C2196295}.Debug|Any CPU.Build.0 = Debug|Any CPU
		{3A3081AA-8EE3-4978-8782-25F5C2196295}.Debug|Any CPU.Deploy.0 = Debug|Any CPU
		{3A3081AA-8EE3-4978-8782-25F5C2196295}.Release|Any CPU.ActiveCfg = Release|Any CPU
		{3A3081AA-8EE3-4978-8782-25F5C2196295}.Release|Any CPU.Build.0 = Release|Any CPU
	EndGlobalSection
	GlobalSection(SolutionProperties) = preSolution
		HideSolutionNode = FALSE
	EndGlobalSection
	GlobalSection(ExtensibilityGlobals) = postSolution
		SolutionGuid = {C733E9DD-857F-4661-8B7E-55CC0E3F0256}
	EndGlobalSection
EndGlobal
